
Microsoft Visual Studio Solution File, Format Version 12.00
# Visual Studio 15
Project("{FAE04EC0-301F-11D3-BF4B-00C04F79EFBC}") = "UnityEngine.TestRunner", "UnityEngine.TestRunner.csproj", "{C83A94ED-8F3D-177C-157D-C4C31CBC811C}"
EndProject
Project("{FAE04EC0-301F-11D3-BF4B-00C04F79EFBC}") = "Unity.Timeline", "Unity.Timeline.csproj", "{C991B463-19DB-6155-F15E-1C9EA0E3C9F0}"
EndProject
Project("{FAE04EC0-301F-11D3-BF4B-00C04F79EFBC}") = "Assembly-CSharp", "Assembly-CSharp.csproj", "{CD8C9303-404B-FB8D-6B9B-21988D5CAC0A}"
EndProject
Project("{FAE04EC0-301F-11D3-BF4B-00C04F79EFBC}") = "Unity.Timeline.Editor", "Unity.Timeline.Editor.csproj", "{AEDA634F-CDF5-D301-9FA4-BD9BC22DC82D}"
EndProject
Project("{FAE04EC0-301F-11D3-BF4B-00C04F79EFBC}") = "UnityEditor.TestRunner", "UnityEditor.TestRunner.csproj", "{677FD784-1646-380A-4F03-16AB5E7769F7}"
EndProject
Project("{FAE04EC0-301F-11D3-BF4B-00C04F79EFBC}") = "Unity.VisualStudio.Editor", "Unity.VisualStudio.Editor.csproj", "{1070D62F-5859-59E1-3CC0-C54CBEFA2290}"
EndProject
Project("{FAE04EC0-301F-11D3-BF4B-00C04F79EFBC}") = "Assembly-CSharp-Editor", "Assembly-CSharp-Editor.csproj", "{6311E6C6-0A20-383B-320B-694068DE37A5}"
EndProject
Project("{FAE04EC0-301F-11D3-BF4B-00C04F79EFBC}") = "Unity.VSCode.Editor", "Unity.VSCode.Editor.csproj", "{F63CEAD4-2145-A864-65F2-FF3CC0A4E30C}"
EndProject
Project("{FAE04EC0-301F-11D3-BF4B-00C04F79EFBC}") = "Unity.Rider.Editor", "Unity.Rider.Editor.csproj", "{23E0B735-A797-DCDB-B926-161520C4DC89}"
EndProject
Global
	GlobalSection(SolutionConfigurationPlatforms) = preSolution
		Debug|Any CPU = Debug|Any CPU
		Release|Any CPU = Release|Any CPU
	EndGlobalSection
	GlobalSection(ProjectConfigurationPlatforms) = postSolution
		{C83A94ED-8F3D-177C-157D-C4C31CBC811C}.Debug|Any CPU.ActiveCfg = Debug|Any CPU
		{C83A94ED-8F3D-177C-157D-C4C31CBC811C}.Debug|Any CPU.Build.0 = Debug|Any CPU
		{C83A94ED-8F3D-177C-157D-C4C31CBC811C}.Release|Any CPU.ActiveCfg = Release|Any CPU
		{C83A94ED-8F3D-177C-157D-C4C31CBC811C}.Release|Any CPU.Build.0 = Release|Any CPU
		{C991B463-19DB-6155-F15E-1C9EA0E3C9F0}.Debug|Any CPU.ActiveCfg = Debug|Any CPU
		{C991B463-19DB-6155-F15E-1C9EA0E3C9F0}.Debug|Any CPU.Build.0 = Debug|Any CPU
		{C991B463-19DB-6155-F15E-1C9EA0E3C9F0}.Release|Any CPU.ActiveCfg = Release|Any CPU
		{C991B463-19DB-6155-F15E-1C9EA0E3C9F0}.Release|Any CPU.Build.0 = Release|Any CPU
		{CD8C9303-404B-FB8D-6B9B-21988D5CAC0A}.Debug|Any CPU.ActiveCfg = Debug|Any CPU
		{CD8C9303-404B-FB8D-6B9B-21988D5CAC0A}.Debug|Any CPU.Build.0 = Debug|Any CPU
		{CD8C9303-404B-FB8D-6B9B-21988D5CAC0A}.Release|Any CPU.ActiveCfg = Release|Any CPU
		{CD8C9303-404B-FB8D-6B9B-21988D5CAC0A}.Release|Any CPU.Build.0 = Release|Any CPU
		{AEDA634F-CDF5-D301-9FA4-BD9BC22DC82D}.Debug|Any CPU.ActiveCfg = Debug|Any CPU
		{AEDA634F-CDF5-D301-9FA4-BD9BC22DC82D}.Debug|Any CPU.Build.0 = Debug|Any CPU
		{AEDA634F-CDF5-D301-9FA4-BD9BC22DC82D}.Release|Any CPU.ActiveCfg = Release|Any CPU
		{AEDA634F-CDF5-D301-9FA4-BD9BC22DC82D}.Release|Any CPU.Build.0 = Release|Any CPU
		{677FD784-1646-380A-4F03-16AB5E7769F7}.Debug|Any CPU.ActiveCfg = Debug|Any CPU
		{677FD784-1646-380A-4F03-16AB5E7769F7}.Debug|Any CPU.Build.0 = Debug|Any CPU
		{677FD784-1646-380A-4F03-16AB5E7769F7}.Release|Any CPU.ActiveCfg = Release|Any CPU
		{677FD784-1646-380A-4F03-16AB5E7769F7}.Release|Any CPU.Build.0 = Release|Any CPU
		{1070D62F-5859-59E1-3CC0-C54CBEFA2290}.Debug|Any CPU.ActiveCfg = Debug|Any CPU
		{1070D62F-5859-59E1-3CC0-C54CBEFA2290}.Debug|Any CPU.Build.0 = Debug|Any CPU
		{1070D62F-5859-59E1-3CC0-C54CBEFA2290}.Release|Any CPU.ActiveCfg = Release|Any CPU
		{1070D62F-5859-59E1-3CC0-C54CBEFA2290}.Release|Any CPU.Build.0 = Release|Any CPU
		{6311E6C6-0A20-383B-320B-694068DE37A5}.Debug|Any CPU.ActiveCfg = Debug|Any CPU
		{6311E6C6-0A20-383B-320B-694068DE37A5}.Debug|Any CPU.Build.0 = Debug|Any CPU
		{6311E6C6-0A20-383B-320B-694068DE37A5}.Release|Any CPU.ActiveCfg = Release|Any CPU
		{6311E6C6-0A20-383B-320B-694068DE37A5}.Release|Any CPU.Build.0 = Release|Any CPU
		{F63CEAD4-2145-A864-65F2-FF3CC0A4E30C}.Debug|Any CPU.ActiveCfg = Debug|Any CPU
		{F63CEAD4-2145-A864-65F2-FF3CC0A4E30C}.Debug|Any CPU.Build.0 = Debug|Any CPU
		{F63CEAD4-2145-A864-65F2-FF3CC0A4E30C}.Release|Any CPU.ActiveCfg = Release|Any CPU
		{F63CEAD4-2145-A864-65F2-FF3CC0A4E30C}.Release|Any CPU.Build.0 = Release|Any CPU
		{23E0B735-A797-DCDB-B926-161520C4DC89}.Debug|Any CPU.ActiveCfg = Debug|Any CPU
		{23E0B735-A797-DCDB-B926-161520C4DC89}.Debug|Any CPU.Build.0 = Debug|Any CPU
		{23E0B735-A797-DCDB-B926-161520C4DC89}.Release|Any CPU.ActiveCfg = Release|Any CPU
		{23E0B735-A797-DCDB-B926-161520C4DC89}.Release|Any CPU.Build.0 = Release|Any CPU
	EndGlobalSection
	GlobalSection(SolutionProperties) = preSolution
		HideSolutionNode = FALSE
	EndGlobalSection
EndGlobal
