
Microsoft Visual Studio Solution File, Format Version 12.00
# Visual Studio 15
Project("{FAE04EC0-301F-11D3-BF4B-00C04F79EFBC}") = "UnityEngine.TestRunner", "UnityEngine.TestRunner.csproj", "{C83A94ED-8F3D-177C-157D-C4C31CBC811C}"
EndProject
Project("{FAE04EC0-301F-11D3-BF4B-00C04F79EFBC}") = "Unity.VisualScripting.Flow", "Unity.VisualScripting.Flow.csproj", "{1D6BCFF4-1423-D43C-2919-94501CEC3479}"
EndProject
Project("{FAE04EC0-301F-11D3-BF4B-00C04F79EFBC}") = "Unity.Mathematics", "Unity.Mathematics.csproj", "{9F2BE422-6F67-CA18-867C-A7D5D221A80F}"
EndProject
Project("{FAE04EC0-301F-11D3-BF4B-00C04F79EFBC}") = "Unity.Services.Core.Telemetry", "Unity.Services.Core.Telemetry.csproj", "{20B5405D-3376-B257-DD4F-74F829EF4AE4}"
EndProject
Project("{FAE04EC0-301F-11D3-BF4B-00C04F79EFBC}") = "Unity.VisualScripting.State", "Unity.VisualScripting.State.csproj", "{50C03743-3ACC-4B13-6DFA-C9E140F3F61A}"
EndProject
Project("{FAE04EC0-301F-11D3-BF4B-00C04F79EFBC}") = "Unity.VisualScripting.Core", "Unity.VisualScripting.Core.csproj", "{6B21863B-DF72-55A5-5F96-65B39A83C610}"
EndProject
Project("{FAE04EC0-301F-11D3-BF4B-00C04F79EFBC}") = "Unity.Services.Core.Environments.Internal", "Unity.Services.Core.Environments.Internal.csproj", "{243C3465-E073-7679-69E3-91DBD2EFF47B}"
EndProject
Project("{FAE04EC0-301F-11D3-BF4B-00C04F79EFBC}") = "Unity.Burst", "Unity.Burst.csproj", "{2343E87A-7982-ED2B-3A96-B03194DE76F4}"
EndProject
Project("{FAE04EC0-301F-11D3-BF4B-00C04F79EFBC}") = "Unity.2D.Animation.Runtime", "Unity.2D.Animation.Runtime.csproj", "{DB946596-7C39-F15A-F590-00CEEAB21CB6}"
EndProject
Project("{FAE04EC0-301F-11D3-BF4B-00C04F79EFBC}") = "Unity.TextMeshPro", "Unity.TextMeshPro.csproj", "{9C01D7DF-86BB-9834-4973-5D336B1F52EF}"
EndProject
Project("{FAE04EC0-301F-11D3-BF4B-00C04F79EFBC}") = "Unity.Timeline", "Unity.Timeline.csproj", "{C991B463-19DB-6155-F15E-1C9EA0E3C9F0}"
EndProject
Project("{FAE04EC0-301F-11D3-BF4B-00C04F79EFBC}") = "Unity.Services.Core", "Unity.Services.Core.csproj", "{D2CC3CB7-C126-97D3-7FBB-468C92E91983}"
EndProject
Project("{FAE04EC0-301F-11D3-BF4B-00C04F79EFBC}") = "Unity.Services.Core.Environments", "Unity.Services.Core.Environments.csproj", "{918E43BA-BFB0-9FA7-D3C2-9BD920184E73}"
EndProject
Project("{FAE04EC0-301F-11D3-BF4B-00C04F79EFBC}") = "Unity.Services.Core.Internal", "Unity.Services.Core.Internal.csproj", "{33DF59E5-23BB-BD6A-79FC-F7EDD62A7329}"
EndProject
Project("{FAE04EC0-301F-11D3-BF4B-00C04F79EFBC}") = "Unity.Services.Core.Analytics", "Unity.Services.Core.Analytics.csproj", "{0EFAC24A-4964-A885-6586-594A32B64AB4}"
EndProject
Project("{FAE04EC0-301F-11D3-BF4B-00C04F79EFBC}") = "Unity.2D.SpriteShape.Runtime", "Unity.2D.SpriteShape.Runtime.csproj", "{F9012065-1B9C-74A3-8D10-86CD1B4D5F3F}"
EndProject
Project("{FAE04EC0-301F-11D3-BF4B-00C04F79EFBC}") = "Unity.Services.Core.Scheduler", "Unity.Services.Core.Scheduler.csproj", "{FD29E4E8-9D12-848B-532B-C8667AD4C1E2}"
EndProject
Project("{FAE04EC0-301F-11D3-BF4B-00C04F79EFBC}") = "Unity.Services.Core.Registration", "Unity.Services.Core.Registration.csproj", "{FD3D759E-DDB4-D05F-B3CE-AC587EFBD560}"
EndProject
Project("{FAE04EC0-301F-11D3-BF4B-00C04F79EFBC}") = "Unity.2D.PixelPerfect", "Unity.2D.PixelPerfect.csproj", "{8A5F5A08-C1E0-4E92-86EF-8D1110206613}"
EndProject
Project("{FAE04EC0-301F-11D3-BF4B-00C04F79EFBC}") = "Unity.2D.Common.Runtime", "Unity.2D.Common.Runtime.csproj", "{E4188D09-E06A-C786-8616-1C17D236EA89}"
EndProject
Project("{FAE04EC0-301F-11D3-BF4B-00C04F79EFBC}") = "Unity.2D.IK.Runtime", "Unity.2D.IK.Runtime.csproj", "{C5050FB7-EBF9-A667-6BFB-7A4C15A7C1D6}"
EndProject
Project("{FAE04EC0-301F-11D3-BF4B-00C04F79EFBC}") = "Unity.Services.Core.Device", "Unity.Services.Core.Device.csproj", "{CE2BCDD2-8153-EBF1-572C-2A35B57F22AE}"
EndProject
Project("{FAE04EC0-301F-11D3-BF4B-00C04F79EFBC}") = "Unity.Services.Core.Threading", "Unity.Services.Core.Threading.csproj", "{1AB3B5ED-4E91-EB06-C26D-77E30CF7F174}"
EndProject
Project("{FAE04EC0-301F-11D3-BF4B-00C04F79EFBC}") = "Unity.2D.Tilemap.Extras", "Unity.2D.Tilemap.Extras.csproj", "{9C38FE95-B181-F7C9-0230-926077CB0926}"
EndProject
Project("{FAE04EC0-301F-11D3-BF4B-00C04F79EFBC}") = "Unity.Services.Core.Networking", "Unity.Services.Core.Networking.csproj", "{75FB65F3-C5D0-F8FE-15CB-1FB202169E8A}"
EndProject
Project("{FAE04EC0-301F-11D3-BF4B-00C04F79EFBC}") = "Unity.InternalAPIEngineBridge.001", "Unity.InternalAPIEngineBridge.001.csproj", "{AF1ADC90-C0D7-6ADD-A6ED-AA77E7F1A486}"
EndProject
Project("{FAE04EC0-301F-11D3-BF4B-00C04F79EFBC}") = "Unity.Services.Core.Configuration", "Unity.Services.Core.Configuration.csproj", "{207FC9DE-1B3D-471D-711D-E9385A76CFC1}"
EndProject
Project("{FAE04EC0-301F-11D3-BF4B-00C04F79EFBC}") = "Assembly-CSharp", "Assembly-CSharp.csproj", "{CD8C9303-404B-FB8D-6B9B-21988D5CAC0A}"
EndProject
Project("{FAE04EC0-301F-11D3-BF4B-00C04F79EFBC}") = "Unity.PlasticSCM.Editor", "Unity.PlasticSCM.Editor.csproj", "{9CDB949F-8258-D704-C896-B8FD99196C07}"
EndProject
Project("{FAE04EC0-301F-11D3-BF4B-00C04F79EFBC}") = "Unity.VisualScripting.Core.Editor", "Unity.VisualScripting.Core.Editor.csproj", "{8E05CDA3-1DD8-5846-0256-E8EEC1407181}"
EndProject
Project("{FAE04EC0-301F-11D3-BF4B-00C04F79EFBC}") = "Unity.VisualScripting.Flow.Editor", "Unity.VisualScripting.Flow.Editor.csproj", "{5C30E73B-E666-C8FF-A35A-0A6A8B4F4610}"
EndProject
Project("{FAE04EC0-301F-11D3-BF4B-00C04F79EFBC}") = "Unity.VisualStudio.Editor", "Unity.VisualStudio.Editor.csproj", "{1070D62F-5859-59E1-3CC0-C54CBEFA2290}"
EndProject
Project("{FAE04EC0-301F-11D3-BF4B-00C04F79EFBC}") = "Unity.Timeline.Editor", "Unity.Timeline.Editor.csproj", "{AEDA634F-CDF5-D301-9FA4-BD9BC22DC82D}"
EndProject
Project("{FAE04EC0-301F-11D3-BF4B-00C04F79EFBC}") = "Unity.VisualScripting.State.Editor", "Unity.VisualScripting.State.Editor.csproj", "{DEFA0307-5FF8-84E2-3526-CCF1BB017B33}"
EndProject
Project("{FAE04EC0-301F-11D3-BF4B-00C04F79EFBC}") = "Unity.TextMeshPro.Editor", "Unity.TextMeshPro.Editor.csproj", "{23921B65-491D-5235-FADE-892E6E843C3F}"
EndProject
Project("{FAE04EC0-301F-11D3-BF4B-00C04F79EFBC}") = "Unity.2D.Animation.Editor", "Unity.2D.Animation.Editor.csproj", "{08EA6699-7118-077D-45C9-8BE7D88E754E}"
EndProject
Project("{FAE04EC0-301F-11D3-BF4B-00C04F79EFBC}") = "Unity.VisualScripting.SettingsProvider.Editor", "Unity.VisualScripting.SettingsProvider.Editor.csproj", "{4F6489DB-1D43-6977-779C-05896C34395B}"
EndProject
Project("{FAE04EC0-301F-11D3-BF4B-00C04F79EFBC}") = "Unity.CollabProxy.Editor", "Unity.CollabProxy.Editor.csproj", "{5165EF4B-4270-D678-30A6-28520A4EC193}"
EndProject
Project("{FAE04EC0-301F-11D3-BF4B-00C04F79EFBC}") = "UnityEditor.TestRunner", "UnityEditor.TestRunner.csproj", "{677FD784-1646-380A-4F03-16AB5E7769F7}"
EndProject
Project("{FAE04EC0-301F-11D3-BF4B-00C04F79EFBC}") = "Unity.Services.Core.Editor", "Unity.Services.Core.Editor.csproj", "{047462FF-4238-CC6E-CA69-D3A7280E4567}"
EndProject
Project("{FAE04EC0-301F-11D3-BF4B-00C04F79EFBC}") = "Unity.Rider.Editor", "Unity.Rider.Editor.csproj", "{23E0B735-A797-DCDB-B926-161520C4DC89}"
EndProject
Project("{FAE04EC0-301F-11D3-BF4B-00C04F79EFBC}") = "Unity.2D.Path.Editor", "Unity.2D.Path.Editor.csproj", "{0451998F-06B1-2680-065C-80023843C624}"
EndProject
Project("{FAE04EC0-301F-11D3-BF4B-00C04F79EFBC}") = "PsdPlugin", "PsdPlugin.csproj", "{B0F29122-E092-707E-AF29-9F195372DC03}"
EndProject
Project("{FAE04EC0-301F-11D3-BF4B-00C04F79EFBC}") = "Unity.2D.IK.Editor", "Unity.2D.IK.Editor.csproj", "{4F183023-4CE4-479B-A0EC-374EBE1DAF06}"
EndProject
Project("{FAE04EC0-301F-11D3-BF4B-00C04F79EFBC}") = "Unity.2D.Psdimporter.Editor", "Unity.2D.Psdimporter.Editor.csproj", "{885A8137-9E82-285A-CD21-1A199012C457}"
EndProject
Project("{FAE04EC0-301F-11D3-BF4B-00C04F79EFBC}") = "Unity.2D.SpriteShape.Editor", "Unity.2D.SpriteShape.Editor.csproj", "{E647FEE4-83C3-4E9F-F5A4-354867D9FE91}"
EndProject
Project("{FAE04EC0-301F-11D3-BF4B-00C04F79EFBC}") = "Unity.Burst.CodeGen", "Unity.Burst.CodeGen.csproj", "{BE02FF20-C64E-988C-C6F9-B038409C414D}"
EndProject
Project("{FAE04EC0-301F-11D3-BF4B-00C04F79EFBC}") = "Unity.2D.PixelPerfect.Editor", "Unity.2D.PixelPerfect.Editor.csproj", "{AD064695-984E-4617-2D42-97503EDB8F42}"
EndProject
Project("{FAE04EC0-301F-11D3-BF4B-00C04F79EFBC}") = "Unity.VSCode.Editor", "Unity.VSCode.Editor.csproj", "{F63CEAD4-2145-A864-65F2-FF3CC0A4E30C}"
EndProject
Project("{FAE04EC0-301F-11D3-BF4B-00C04F79EFBC}") = "Unity.2D.Common.Editor", "Unity.2D.Common.Editor.csproj", "{71325E94-2A90-8A84-4836-A63AC22F6BFF}"
EndProject
Project("{FAE04EC0-301F-11D3-BF4B-00C04F79EFBC}") = "Unity.Mathematics.Editor", "Unity.Mathematics.Editor.csproj", "{E9B822B2-554C-9747-E65B-2CFA5626B69A}"
EndProject
Project("{FAE04EC0-301F-11D3-BF4B-00C04F79EFBC}") = "Unity.Services.Core.Configuration.Editor", "Unity.Services.Core.Configuration.Editor.csproj", "{253D8680-A6F5-D4CD-D645-0FF4693312AB}"
EndProject
Project("{FAE04EC0-301F-11D3-BF4B-00C04F79EFBC}") = "Unity.2D.Tilemap.Extras.Editor", "Unity.2D.Tilemap.Extras.Editor.csproj", "{7AFC5868-0209-E2F5-5F0C-B3AF5D8C14D7}"
EndProject
Project("{FAE04EC0-301F-11D3-BF4B-00C04F79EFBC}") = "Unity.Burst.Editor", "Unity.Burst.Editor.csproj", "{44054DE7-3FFB-9CA8-C745-9769758465D8}"
EndProject
Project("{FAE04EC0-301F-11D3-BF4B-00C04F79EFBC}") = "Unity.InternalAPIEditorBridge.001", "Unity.InternalAPIEditorBridge.001.csproj", "{19CC5556-55E7-6990-B166-1343C10B837D}"
EndProject
Project("{FAE04EC0-301F-11D3-BF4B-00C04F79EFBC}") = "Unity.VisualScripting.Shared.Editor", "Unity.VisualScripting.Shared.Editor.csproj", "{B89CCF58-BA9D-438F-F2F8-E923457C1691}"
EndProject
Project("{FAE04EC0-301F-11D3-BF4B-00C04F79EFBC}") = "Assembly-CSharp-Editor", "Assembly-CSharp-Editor.csproj", "{6311E6C6-0A20-383B-320B-694068DE37A5}"
EndProject
Global
	GlobalSection(SolutionConfigurationPlatforms) = preSolution
		Debug|Any CPU = Debug|Any CPU
		Release|Any CPU = Release|Any CPU
	EndGlobalSection
	GlobalSection(ProjectConfigurationPlatforms) = postSolution
		{C83A94ED-8F3D-177C-157D-C4C31CBC811C}.Debug|Any CPU.ActiveCfg = Debug|Any CPU
		{C83A94ED-8F3D-177C-157D-C4C31CBC811C}.Debug|Any CPU.Build.0 = Debug|Any CPU
		{C83A94ED-8F3D-177C-157D-C4C31CBC811C}.Release|Any CPU.ActiveCfg = Release|Any CPU
		{C83A94ED-8F3D-177C-157D-C4C31CBC811C}.Release|Any CPU.Build.0 = Release|Any CPU
		{1D6BCFF4-1423-D43C-2919-94501CEC3479}.Debug|Any CPU.ActiveCfg = Debug|Any CPU
		{1D6BCFF4-1423-D43C-2919-94501CEC3479}.Debug|Any CPU.Build.0 = Debug|Any CPU
		{1D6BCFF4-1423-D43C-2919-94501CEC3479}.Release|Any CPU.ActiveCfg = Release|Any CPU
		{1D6BCFF4-1423-D43C-2919-94501CEC3479}.Release|Any CPU.Build.0 = Release|Any CPU
		{9F2BE422-6F67-CA18-867C-A7D5D221A80F}.Debug|Any CPU.ActiveCfg = Debug|Any CPU
		{9F2BE422-6F67-CA18-867C-A7D5D221A80F}.Debug|Any CPU.Build.0 = Debug|Any CPU
		{9F2BE422-6F67-CA18-867C-A7D5D221A80F}.Release|Any CPU.ActiveCfg = Release|Any CPU
		{9F2BE422-6F67-CA18-867C-A7D5D221A80F}.Release|Any CPU.Build.0 = Release|Any CPU
		{20B5405D-3376-B257-DD4F-74F829EF4AE4}.Debug|Any CPU.ActiveCfg = Debug|Any CPU
		{20B5405D-3376-B257-DD4F-74F829EF4AE4}.Debug|Any CPU.Build.0 = Debug|Any CPU
		{20B5405D-3376-B257-DD4F-74F829EF4AE4}.Release|Any CPU.ActiveCfg = Release|Any CPU
		{20B5405D-3376-B257-DD4F-74F829EF4AE4}.Release|Any CPU.Build.0 = Release|Any CPU
		{50C03743-3ACC-4B13-6DFA-C9E140F3F61A}.Debug|Any CPU.ActiveCfg = Debug|Any CPU
		{50C03743-3ACC-4B13-6DFA-C9E140F3F61A}.Debug|Any CPU.Build.0 = Debug|Any CPU
		{50C03743-3ACC-4B13-6DFA-C9E140F3F61A}.Release|Any CPU.ActiveCfg = Release|Any CPU
		{50C03743-3ACC-4B13-6DFA-C9E140F3F61A}.Release|Any CPU.Build.0 = Release|Any CPU
		{6B21863B-DF72-55A5-5F96-65B39A83C610}.Debug|Any CPU.ActiveCfg = Debug|Any CPU
		{6B21863B-DF72-55A5-5F96-65B39A83C610}.Debug|Any CPU.Build.0 = Debug|Any CPU
		{6B21863B-DF72-55A5-5F96-65B39A83C610}.Release|Any CPU.ActiveCfg = Release|Any CPU
		{6B21863B-DF72-55A5-5F96-65B39A83C610}.Release|Any CPU.Build.0 = Release|Any CPU
		{243C3465-E073-7679-69E3-91DBD2EFF47B}.Debug|Any CPU.ActiveCfg = Debug|Any CPU
		{243C3465-E073-7679-69E3-91DBD2EFF47B}.Debug|Any CPU.Build.0 = Debug|Any CPU
		{243C3465-E073-7679-69E3-91DBD2EFF47B}.Release|Any CPU.ActiveCfg = Release|Any CPU
		{243C3465-E073-7679-69E3-91DBD2EFF47B}.Release|Any CPU.Build.0 = Release|Any CPU
		{2343E87A-7982-ED2B-3A96-B03194DE76F4}.Debug|Any CPU.ActiveCfg = Debug|Any CPU
		{2343E87A-7982-ED2B-3A96-B03194DE76F4}.Debug|Any CPU.Build.0 = Debug|Any CPU
		{2343E87A-7982-ED2B-3A96-B03194DE76F4}.Release|Any CPU.ActiveCfg = Release|Any CPU
		{2343E87A-7982-ED2B-3A96-B03194DE76F4}.Release|Any CPU.Build.0 = Release|Any CPU
		{DB946596-7C39-F15A-F590-00CEEAB21CB6}.Debug|Any CPU.ActiveCfg = Debug|Any CPU
		{DB946596-7C39-F15A-F590-00CEEAB21CB6}.Debug|Any CPU.Build.0 = Debug|Any CPU
		{DB946596-7C39-F15A-F590-00CEEAB21CB6}.Release|Any CPU.ActiveCfg = Release|Any CPU
		{DB946596-7C39-F15A-F590-00CEEAB21CB6}.Release|Any CPU.Build.0 = Release|Any CPU
		{9C01D7DF-86BB-9834-4973-5D336B1F52EF}.Debug|Any CPU.ActiveCfg = Debug|Any CPU
		{9C01D7DF-86BB-9834-4973-5D336B1F52EF}.Debug|Any CPU.Build.0 = Debug|Any CPU
		{9C01D7DF-86BB-9834-4973-5D336B1F52EF}.Release|Any CPU.ActiveCfg = Release|Any CPU
		{9C01D7DF-86BB-9834-4973-5D336B1F52EF}.Release|Any CPU.Build.0 = Release|Any CPU
		{C991B463-19DB-6155-F15E-1C9EA0E3C9F0}.Debug|Any CPU.ActiveCfg = Debug|Any CPU
		{C991B463-19DB-6155-F15E-1C9EA0E3C9F0}.Debug|Any CPU.Build.0 = Debug|Any CPU
		{C991B463-19DB-6155-F15E-1C9EA0E3C9F0}.Release|Any CPU.ActiveCfg = Release|Any CPU
		{C991B463-19DB-6155-F15E-1C9EA0E3C9F0}.Release|Any CPU.Build.0 = Release|Any CPU
		{D2CC3CB7-C126-97D3-7FBB-468C92E91983}.Debug|Any CPU.ActiveCfg = Debug|Any CPU
		{D2CC3CB7-C126-97D3-7FBB-468C92E91983}.Debug|Any CPU.Build.0 = Debug|Any CPU
		{D2CC3CB7-C126-97D3-7FBB-468C92E91983}.Release|Any CPU.ActiveCfg = Release|Any CPU
		{D2CC3CB7-C126-97D3-7FBB-468C92E91983}.Release|Any CPU.Build.0 = Release|Any CPU
		{918E43BA-BFB0-9FA7-D3C2-9BD920184E73}.Debug|Any CPU.ActiveCfg = Debug|Any CPU
		{918E43BA-BFB0-9FA7-D3C2-9BD920184E73}.Debug|Any CPU.Build.0 = Debug|Any CPU
		{918E43BA-BFB0-9FA7-D3C2-9BD920184E73}.Release|Any CPU.ActiveCfg = Release|Any CPU
		{918E43BA-BFB0-9FA7-D3C2-9BD920184E73}.Release|Any CPU.Build.0 = Release|Any CPU
		{33DF59E5-23BB-BD6A-79FC-F7EDD62A7329}.Debug|Any CPU.ActiveCfg = Debug|Any CPU
		{33DF59E5-23BB-BD6A-79FC-F7EDD62A7329}.Debug|Any CPU.Build.0 = Debug|Any CPU
		{33DF59E5-23BB-BD6A-79FC-F7EDD62A7329}.Release|Any CPU.ActiveCfg = Release|Any CPU
		{33DF59E5-23BB-BD6A-79FC-F7EDD62A7329}.Release|Any CPU.Build.0 = Release|Any CPU
		{0EFAC24A-4964-A885-6586-594A32B64AB4}.Debug|Any CPU.ActiveCfg = Debug|Any CPU
		{0EFAC24A-4964-A885-6586-594A32B64AB4}.Debug|Any CPU.Build.0 = Debug|Any CPU
		{0EFAC24A-4964-A885-6586-594A32B64AB4}.Release|Any CPU.ActiveCfg = Release|Any CPU
		{0EFAC24A-4964-A885-6586-594A32B64AB4}.Release|Any CPU.Build.0 = Release|Any CPU
		{F9012065-1B9C-74A3-8D10-86CD1B4D5F3F}.Debug|Any CPU.ActiveCfg = Debug|Any CPU
		{F9012065-1B9C-74A3-8D10-86CD1B4D5F3F}.Debug|Any CPU.Build.0 = Debug|Any CPU
		{F9012065-1B9C-74A3-8D10-86CD1B4D5F3F}.Release|Any CPU.ActiveCfg = Release|Any CPU
		{F9012065-1B9C-74A3-8D10-86CD1B4D5F3F}.Release|Any CPU.Build.0 = Release|Any CPU
		{FD29E4E8-9D12-848B-532B-C8667AD4C1E2}.Debug|Any CPU.ActiveCfg = Debug|Any CPU
		{FD29E4E8-9D12-848B-532B-C8667AD4C1E2}.Debug|Any CPU.Build.0 = Debug|Any CPU
		{FD29E4E8-9D12-848B-532B-C8667AD4C1E2}.Release|Any CPU.ActiveCfg = Release|Any CPU
		{FD29E4E8-9D12-848B-532B-C8667AD4C1E2}.Release|Any CPU.Build.0 = Release|Any CPU
		{FD3D759E-DDB4-D05F-B3CE-AC587EFBD560}.Debug|Any CPU.ActiveCfg = Debug|Any CPU
		{FD3D759E-DDB4-D05F-B3CE-AC587EFBD560}.Debug|Any CPU.Build.0 = Debug|Any CPU
		{FD3D759E-DDB4-D05F-B3CE-AC587EFBD560}.Release|Any CPU.ActiveCfg = Release|Any CPU
		{FD3D759E-DDB4-D05F-B3CE-AC587EFBD560}.Release|Any CPU.Build.0 = Release|Any CPU
		{8A5F5A08-C1E0-4E92-86EF-8D1110206613}.Debug|Any CPU.ActiveCfg = Debug|Any CPU
		{8A5F5A08-C1E0-4E92-86EF-8D1110206613}.Debug|Any CPU.Build.0 = Debug|Any CPU
		{8A5F5A08-C1E0-4E92-86EF-8D1110206613}.Release|Any CPU.ActiveCfg = Release|Any CPU
		{8A5F5A08-C1E0-4E92-86EF-8D1110206613}.Release|Any CPU.Build.0 = Release|Any CPU
		{E4188D09-E06A-C786-8616-1C17D236EA89}.Debug|Any CPU.ActiveCfg = Debug|Any CPU
		{E4188D09-E06A-C786-8616-1C17D236EA89}.Debug|Any CPU.Build.0 = Debug|Any CPU
		{E4188D09-E06A-C786-8616-1C17D236EA89}.Release|Any CPU.ActiveCfg = Release|Any CPU
		{E4188D09-E06A-C786-8616-1C17D236EA89}.Release|Any CPU.Build.0 = Release|Any CPU
		{C5050FB7-EBF9-A667-6BFB-7A4C15A7C1D6}.Debug|Any CPU.ActiveCfg = Debug|Any CPU
		{C5050FB7-EBF9-A667-6BFB-7A4C15A7C1D6}.Debug|Any CPU.Build.0 = Debug|Any CPU
		{C5050FB7-EBF9-A667-6BFB-7A4C15A7C1D6}.Release|Any CPU.ActiveCfg = Release|Any CPU
		{C5050FB7-EBF9-A667-6BFB-7A4C15A7C1D6}.Release|Any CPU.Build.0 = Release|Any CPU
		{CE2BCDD2-8153-EBF1-572C-2A35B57F22AE}.Debug|Any CPU.ActiveCfg = Debug|Any CPU
		{CE2BCDD2-8153-EBF1-572C-2A35B57F22AE}.Debug|Any CPU.Build.0 = Debug|Any CPU
		{CE2BCDD2-8153-EBF1-572C-2A35B57F22AE}.Release|Any CPU.ActiveCfg = Release|Any CPU
		{CE2BCDD2-8153-EBF1-572C-2A35B57F22AE}.Release|Any CPU.Build.0 = Release|Any CPU
		{1AB3B5ED-4E91-EB06-C26D-77E30CF7F174}.Debug|Any CPU.ActiveCfg = Debug|Any CPU
		{1AB3B5ED-4E91-EB06-C26D-77E30CF7F174}.Debug|Any CPU.Build.0 = Debug|Any CPU
		{1AB3B5ED-4E91-EB06-C26D-77E30CF7F174}.Release|Any CPU.ActiveCfg = Release|Any CPU
		{1AB3B5ED-4E91-EB06-C26D-77E30CF7F174}.Release|Any CPU.Build.0 = Release|Any CPU
		{9C38FE95-B181-F7C9-0230-926077CB0926}.Debug|Any CPU.ActiveCfg = Debug|Any CPU
		{9C38FE95-B181-F7C9-0230-926077CB0926}.Debug|Any CPU.Build.0 = Debug|Any CPU
		{9C38FE95-B181-F7C9-0230-926077CB0926}.Release|Any CPU.ActiveCfg = Release|Any CPU
		{9C38FE95-B181-F7C9-0230-926077CB0926}.Release|Any CPU.Build.0 = Release|Any CPU
		{75FB65F3-C5D0-F8FE-15CB-1FB202169E8A}.Debug|Any CPU.ActiveCfg = Debug|Any CPU
		{75FB65F3-C5D0-F8FE-15CB-1FB202169E8A}.Debug|Any CPU.Build.0 = Debug|Any CPU
		{75FB65F3-C5D0-F8FE-15CB-1FB202169E8A}.Release|Any CPU.ActiveCfg = Release|Any CPU
		{75FB65F3-C5D0-F8FE-15CB-1FB202169E8A}.Release|Any CPU.Build.0 = Release|Any CPU
		{AF1ADC90-C0D7-6ADD-A6ED-AA77E7F1A486}.Debug|Any CPU.ActiveCfg = Debug|Any CPU
		{AF1ADC90-C0D7-6ADD-A6ED-AA77E7F1A486}.Debug|Any CPU.Build.0 = Debug|Any CPU
		{AF1ADC90-C0D7-6ADD-A6ED-AA77E7F1A486}.Release|Any CPU.ActiveCfg = Release|Any CPU
		{AF1ADC90-C0D7-6ADD-A6ED-AA77E7F1A486}.Release|Any CPU.Build.0 = Release|Any CPU
		{207FC9DE-1B3D-471D-711D-E9385A76CFC1}.Debug|Any CPU.ActiveCfg = Debug|Any CPU
		{207FC9DE-1B3D-471D-711D-E9385A76CFC1}.Debug|Any CPU.Build.0 = Debug|Any CPU
		{207FC9DE-1B3D-471D-711D-E9385A76CFC1}.Release|Any CPU.ActiveCfg = Release|Any CPU
		{207FC9DE-1B3D-471D-711D-E9385A76CFC1}.Release|Any CPU.Build.0 = Release|Any CPU
		{CD8C9303-404B-FB8D-6B9B-21988D5CAC0A}.Debug|Any CPU.ActiveCfg = Debug|Any CPU
		{CD8C9303-404B-FB8D-6B9B-21988D5CAC0A}.Debug|Any CPU.Build.0 = Debug|Any CPU
		{CD8C9303-404B-FB8D-6B9B-21988D5CAC0A}.Release|Any CPU.ActiveCfg = Release|Any CPU
		{CD8C9303-404B-FB8D-6B9B-21988D5CAC0A}.Release|Any CPU.Build.0 = Release|Any CPU
		{9CDB949F-8258-D704-C896-B8FD99196C07}.Debug|Any CPU.ActiveCfg = Debug|Any CPU
		{9CDB949F-8258-D704-C896-B8FD99196C07}.Debug|Any CPU.Build.0 = Debug|Any CPU
		{9CDB949F-8258-D704-C896-B8FD99196C07}.Release|Any CPU.ActiveCfg = Release|Any CPU
		{9CDB949F-8258-D704-C896-B8FD99196C07}.Release|Any CPU.Build.0 = Release|Any CPU
		{8E05CDA3-1DD8-5846-0256-E8EEC1407181}.Debug|Any CPU.ActiveCfg = Debug|Any CPU
		{8E05CDA3-1DD8-5846-0256-E8EEC1407181}.Debug|Any CPU.Build.0 = Debug|Any CPU
		{8E05CDA3-1DD8-5846-0256-E8EEC1407181}.Release|Any CPU.ActiveCfg = Release|Any CPU
		{8E05CDA3-1DD8-5846-0256-E8EEC1407181}.Release|Any CPU.Build.0 = Release|Any CPU
		{5C30E73B-E666-C8FF-A35A-0A6A8B4F4610}.Debug|Any CPU.ActiveCfg = Debug|Any CPU
		{5C30E73B-E666-C8FF-A35A-0A6A8B4F4610}.Debug|Any CPU.Build.0 = Debug|Any CPU
		{5C30E73B-E666-C8FF-A35A-0A6A8B4F4610}.Release|Any CPU.ActiveCfg = Release|Any CPU
		{5C30E73B-E666-C8FF-A35A-0A6A8B4F4610}.Release|Any CPU.Build.0 = Release|Any CPU
		{1070D62F-5859-59E1-3CC0-C54CBEFA2290}.Debug|Any CPU.ActiveCfg = Debug|Any CPU
		{1070D62F-5859-59E1-3CC0-C54CBEFA2290}.Debug|Any CPU.Build.0 = Debug|Any CPU
		{1070D62F-5859-59E1-3CC0-C54CBEFA2290}.Release|Any CPU.ActiveCfg = Release|Any CPU
		{1070D62F-5859-59E1-3CC0-C54CBEFA2290}.Release|Any CPU.Build.0 = Release|Any CPU
		{AEDA634F-CDF5-D301-9FA4-BD9BC22DC82D}.Debug|Any CPU.ActiveCfg = Debug|Any CPU
		{AEDA634F-CDF5-D301-9FA4-BD9BC22DC82D}.Debug|Any CPU.Build.0 = Debug|Any CPU
		{AEDA634F-CDF5-D301-9FA4-BD9BC22DC82D}.Release|Any CPU.ActiveCfg = Release|Any CPU
		{AEDA634F-CDF5-D301-9FA4-BD9BC22DC82D}.Release|Any CPU.Build.0 = Release|Any CPU
		{DEFA0307-5FF8-84E2-3526-CCF1BB017B33}.Debug|Any CPU.ActiveCfg = Debug|Any CPU
		{DEFA0307-5FF8-84E2-3526-CCF1BB017B33}.Debug|Any CPU.Build.0 = Debug|Any CPU
		{DEFA0307-5FF8-84E2-3526-CCF1BB017B33}.Release|Any CPU.ActiveCfg = Release|Any CPU
		{DEFA0307-5FF8-84E2-3526-CCF1BB017B33}.Release|Any CPU.Build.0 = Release|Any CPU
		{23921B65-491D-5235-FADE-892E6E843C3F}.Debug|Any CPU.ActiveCfg = Debug|Any CPU
		{23921B65-491D-5235-FADE-892E6E843C3F}.Debug|Any CPU.Build.0 = Debug|Any CPU
		{23921B65-491D-5235-FADE-892E6E843C3F}.Release|Any CPU.ActiveCfg = Release|Any CPU
		{23921B65-491D-5235-FADE-892E6E843C3F}.Release|Any CPU.Build.0 = Release|Any CPU
		{08EA6699-7118-077D-45C9-8BE7D88E754E}.Debug|Any CPU.ActiveCfg = Debug|Any CPU
		{08EA6699-7118-077D-45C9-8BE7D88E754E}.Debug|Any CPU.Build.0 = Debug|Any CPU
		{08EA6699-7118-077D-45C9-8BE7D88E754E}.Release|Any CPU.ActiveCfg = Release|Any CPU
		{08EA6699-7118-077D-45C9-8BE7D88E754E}.Release|Any CPU.Build.0 = Release|Any CPU
		{4F6489DB-1D43-6977-779C-05896C34395B}.Debug|Any CPU.ActiveCfg = Debug|Any CPU
		{4F6489DB-1D43-6977-779C-05896C34395B}.Debug|Any CPU.Build.0 = Debug|Any CPU
		{4F6489DB-1D43-6977-779C-05896C34395B}.Release|Any CPU.ActiveCfg = Release|Any CPU
		{4F6489DB-1D43-6977-779C-05896C34395B}.Release|Any CPU.Build.0 = Release|Any CPU
		{5165EF4B-4270-D678-30A6-28520A4EC193}.Debug|Any CPU.ActiveCfg = Debug|Any CPU
		{5165EF4B-4270-D678-30A6-28520A4EC193}.Debug|Any CPU.Build.0 = Debug|Any CPU
		{5165EF4B-4270-D678-30A6-28520A4EC193}.Release|Any CPU.ActiveCfg = Release|Any CPU
		{5165EF4B-4270-D678-30A6-28520A4EC193}.Release|Any CPU.Build.0 = Release|Any CPU
		{677FD784-1646-380A-4F03-16AB5E7769F7}.Debug|Any CPU.ActiveCfg = Debug|Any CPU
		{677FD784-1646-380A-4F03-16AB5E7769F7}.Debug|Any CPU.Build.0 = Debug|Any CPU
		{677FD784-1646-380A-4F03-16AB5E7769F7}.Release|Any CPU.ActiveCfg = Release|Any CPU
		{677FD784-1646-380A-4F03-16AB5E7769F7}.Release|Any CPU.Build.0 = Release|Any CPU
		{047462FF-4238-CC6E-CA69-D3A7280E4567}.Debug|Any CPU.ActiveCfg = Debug|Any CPU
		{047462FF-4238-CC6E-CA69-D3A7280E4567}.Debug|Any CPU.Build.0 = Debug|Any CPU
		{047462FF-4238-CC6E-CA69-D3A7280E4567}.Release|Any CPU.ActiveCfg = Release|Any CPU
		{047462FF-4238-CC6E-CA69-D3A7280E4567}.Release|Any CPU.Build.0 = Release|Any CPU
		{23E0B735-A797-DCDB-B926-161520C4DC89}.Debug|Any CPU.ActiveCfg = Debug|Any CPU
		{23E0B735-A797-DCDB-B926-161520C4DC89}.Debug|Any CPU.Build.0 = Debug|Any CPU
		{23E0B735-A797-DCDB-B926-161520C4DC89}.Release|Any CPU.ActiveCfg = Release|Any CPU
		{23E0B735-A797-DCDB-B926-161520C4DC89}.Release|Any CPU.Build.0 = Release|Any CPU
		{0451998F-06B1-2680-065C-80023843C624}.Debug|Any CPU.ActiveCfg = Debug|Any CPU
		{0451998F-06B1-2680-065C-80023843C624}.Debug|Any CPU.Build.0 = Debug|Any CPU
		{0451998F-06B1-2680-065C-80023843C624}.Release|Any CPU.ActiveCfg = Release|Any CPU
		{0451998F-06B1-2680-065C-80023843C624}.Release|Any CPU.Build.0 = Release|Any CPU
		{B0F29122-E092-707E-AF29-9F195372DC03}.Debug|Any CPU.ActiveCfg = Debug|Any CPU
		{B0F29122-E092-707E-AF29-9F195372DC03}.Debug|Any CPU.Build.0 = Debug|Any CPU
		{B0F29122-E092-707E-AF29-9F195372DC03}.Release|Any CPU.ActiveCfg = Release|Any CPU
		{B0F29122-E092-707E-AF29-9F195372DC03}.Release|Any CPU.Build.0 = Release|Any CPU
		{4F183023-4CE4-479B-A0EC-374EBE1DAF06}.Debug|Any CPU.ActiveCfg = Debug|Any CPU
		{4F183023-4CE4-479B-A0EC-374EBE1DAF06}.Debug|Any CPU.Build.0 = Debug|Any CPU
		{4F183023-4CE4-479B-A0EC-374EBE1DAF06}.Release|Any CPU.ActiveCfg = Release|Any CPU
		{4F183023-4CE4-479B-A0EC-374EBE1DAF06}.Release|Any CPU.Build.0 = Release|Any CPU
		{885A8137-9E82-285A-CD21-1A199012C457}.Debug|Any CPU.ActiveCfg = Debug|Any CPU
		{885A8137-9E82-285A-CD21-1A199012C457}.Debug|Any CPU.Build.0 = Debug|Any CPU
		{885A8137-9E82-285A-CD21-1A199012C457}.Release|Any CPU.ActiveCfg = Release|Any CPU
		{885A8137-9E82-285A-CD21-1A199012C457}.Release|Any CPU.Build.0 = Release|Any CPU
		{E647FEE4-83C3-4E9F-F5A4-354867D9FE91}.Debug|Any CPU.ActiveCfg = Debug|Any CPU
		{E647FEE4-83C3-4E9F-F5A4-354867D9FE91}.Debug|Any CPU.Build.0 = Debug|Any CPU
		{E647FEE4-83C3-4E9F-F5A4-354867D9FE91}.Release|Any CPU.ActiveCfg = Release|Any CPU
		{E647FEE4-83C3-4E9F-F5A4-354867D9FE91}.Release|Any CPU.Build.0 = Release|Any CPU
		{BE02FF20-C64E-988C-C6F9-B038409C414D}.Debug|Any CPU.ActiveCfg = Debug|Any CPU
		{BE02FF20-C64E-988C-C6F9-B038409C414D}.Debug|Any CPU.Build.0 = Debug|Any CPU
		{BE02FF20-C64E-988C-C6F9-B038409C414D}.Release|Any CPU.ActiveCfg = Release|Any CPU
		{BE02FF20-C64E-988C-C6F9-B038409C414D}.Release|Any CPU.Build.0 = Release|Any CPU
		{AD064695-984E-4617-2D42-97503EDB8F42}.Debug|Any CPU.ActiveCfg = Debug|Any CPU
		{AD064695-984E-4617-2D42-97503EDB8F42}.Debug|Any CPU.Build.0 = Debug|Any CPU
		{AD064695-984E-4617-2D42-97503EDB8F42}.Release|Any CPU.ActiveCfg = Release|Any CPU
		{AD064695-984E-4617-2D42-97503EDB8F42}.Release|Any CPU.Build.0 = Release|Any CPU
		{F63CEAD4-2145-A864-65F2-FF3CC0A4E30C}.Debug|Any CPU.ActiveCfg = Debug|Any CPU
		{F63CEAD4-2145-A864-65F2-FF3CC0A4E30C}.Debug|Any CPU.Build.0 = Debug|Any CPU
		{F63CEAD4-2145-A864-65F2-FF3CC0A4E30C}.Release|Any CPU.ActiveCfg = Release|Any CPU
		{F63CEAD4-2145-A864-65F2-FF3CC0A4E30C}.Release|Any CPU.Build.0 = Release|Any CPU
		{71325E94-2A90-8A84-4836-A63AC22F6BFF}.Debug|Any CPU.ActiveCfg = Debug|Any CPU
		{71325E94-2A90-8A84-4836-A63AC22F6BFF}.Debug|Any CPU.Build.0 = Debug|Any CPU
		{71325E94-2A90-8A84-4836-A63AC22F6BFF}.Release|Any CPU.ActiveCfg = Release|Any CPU
		{71325E94-2A90-8A84-4836-A63AC22F6BFF}.Release|Any CPU.Build.0 = Release|Any CPU
		{E9B822B2-554C-9747-E65B-2CFA5626B69A}.Debug|Any CPU.ActiveCfg = Debug|Any CPU
		{E9B822B2-554C-9747-E65B-2CFA5626B69A}.Debug|Any CPU.Build.0 = Debug|Any CPU
		{E9B822B2-554C-9747-E65B-2CFA5626B69A}.Release|Any CPU.ActiveCfg = Release|Any CPU
		{E9B822B2-554C-9747-E65B-2CFA5626B69A}.Release|Any CPU.Build.0 = Release|Any CPU
		{253D8680-A6F5-D4CD-D645-0FF4693312AB}.Debug|Any CPU.ActiveCfg = Debug|Any CPU
		{253D8680-A6F5-D4CD-D645-0FF4693312AB}.Debug|Any CPU.Build.0 = Debug|Any CPU
		{253D8680-A6F5-D4CD-D645-0FF4693312AB}.Release|Any CPU.ActiveCfg = Release|Any CPU
		{253D8680-A6F5-D4CD-D645-0FF4693312AB}.Release|Any CPU.Build.0 = Release|Any CPU
		{7AFC5868-0209-E2F5-5F0C-B3AF5D8C14D7}.Debug|Any CPU.ActiveCfg = Debug|Any CPU
		{7AFC5868-0209-E2F5-5F0C-B3AF5D8C14D7}.Debug|Any CPU.Build.0 = Debug|Any CPU
		{7AFC5868-0209-E2F5-5F0C-B3AF5D8C14D7}.Release|Any CPU.ActiveCfg = Release|Any CPU
		{7AFC5868-0209-E2F5-5F0C-B3AF5D8C14D7}.Release|Any CPU.Build.0 = Release|Any CPU
		{44054DE7-3FFB-9CA8-C745-9769758465D8}.Debug|Any CPU.ActiveCfg = Debug|Any CPU
		{44054DE7-3FFB-9CA8-C745-9769758465D8}.Debug|Any CPU.Build.0 = Debug|Any CPU
		{44054DE7-3FFB-9CA8-C745-9769758465D8}.Release|Any CPU.ActiveCfg = Release|Any CPU
		{44054DE7-3FFB-9CA8-C745-9769758465D8}.Release|Any CPU.Build.0 = Release|Any CPU
		{19CC5556-55E7-6990-B166-1343C10B837D}.Debug|Any CPU.ActiveCfg = Debug|Any CPU
		{19CC5556-55E7-6990-B166-1343C10B837D}.Debug|Any CPU.Build.0 = Debug|Any CPU
		{19CC5556-55E7-6990-B166-1343C10B837D}.Release|Any CPU.ActiveCfg = Release|Any CPU
		{19CC5556-55E7-6990-B166-1343C10B837D}.Release|Any CPU.Build.0 = Release|Any CPU
		{B89CCF58-BA9D-438F-F2F8-E923457C1691}.Debug|Any CPU.ActiveCfg = Debug|Any CPU
		{B89CCF58-BA9D-438F-F2F8-E923457C1691}.Debug|Any CPU.Build.0 = Debug|Any CPU
		{B89CCF58-BA9D-438F-F2F8-E923457C1691}.Release|Any CPU.ActiveCfg = Release|Any CPU
		{B89CCF58-BA9D-438F-F2F8-E923457C1691}.Release|Any CPU.Build.0 = Release|Any CPU
		{6311E6C6-0A20-383B-320B-694068DE37A5}.Debug|Any CPU.ActiveCfg = Debug|Any CPU
		{6311E6C6-0A20-383B-320B-694068DE37A5}.Debug|Any CPU.Build.0 = Debug|Any CPU
		{6311E6C6-0A20-383B-320B-694068DE37A5}.Release|Any CPU.ActiveCfg = Release|Any CPU
		{6311E6C6-0A20-383B-320B-694068DE37A5}.Release|Any CPU.Build.0 = Release|Any CPU
	EndGlobalSection
	GlobalSection(SolutionProperties) = preSolution
		HideSolutionNode = FALSE
	EndGlobalSection
EndGlobal
